
Microsoft Visual Studio Solution File, Format Version 12.00
# Visual Studio Version 17
VisualStudioVersion = 17.6.33829.357
MinimumVisualStudioVersion = 10.0.40219.1
Project("{FAE04EC0-301F-11D3-BF4B-00C04F79EFBC}") = "NotatnikUzytkownikow", "NotatnikUzytkownikow\NotatnikUzytkownikow.csproj", "{E1F4D43E-6DA4-4812-9850-0172288C85B3}"
EndProject
Global
	GlobalSection(SolutionConfigurationPlatforms) = preSolution
		Debug|Any CPU = Debug|Any CPU
		Release|Any CPU = Release|Any CPU
	EndGlobalSection
	GlobalSection(ProjectConfigurationPlatforms) = postSolution
		{E1F4D43E-6DA4-4812-9850-0172288C85B3}.Debug|Any CPU.ActiveCfg = Debug|Any CPU
		{E1F4D43E-6DA4-4812-9850-0172288C85B3}.Debug|Any CPU.Build.0 = Debug|Any CPU
		{E1F4D43E-6DA4-4812-9850-0172288C85B3}.Release|Any CPU.ActiveCfg = Release|Any CPU
		{E1F4D43E-6DA4-4812-9850-0172288C85B3}.Release|Any CPU.Build.0 = Release|Any CPU
	EndGlobalSection
	GlobalSection(SolutionProperties) = preSolution
		HideSolutionNode = FALSE
	EndGlobalSection
	GlobalSection(ExtensibilityGlobals) = postSolution
		SolutionGuid = {1AE6B7C2-0906-49AF-999E-A9E618028B8E}
	EndGlobalSection
EndGlobal
